
Microsoft Visual Studio Solution File, Format Version 12.00
# Visual Studio Version 17
VisualStudioVersion = 17.11.35222.181
MinimumVisualStudioVersion = 10.0.40219.1
Project("{FAE04EC0-301F-11D3-BF4B-00C04F79EFBC}") = "DAL", "DAL\DAL.csproj", "{6D5D215F-817E-4128-A6F1-C877755114FD}"
EndProject
Project("{FAE04EC0-301F-11D3-BF4B-00C04F79EFBC}") = "BLL", "BLL\BLL.csproj", "{DE2998D7-14C7-4A80-9FAD-D2BAE4D25CD5}"
EndProject
Project("{FAE04EC0-301F-11D3-BF4B-00C04F79EFBC}") = "UI", "UI\UI.csproj", "{4442A908-043D-4E64-8C5B-229AAAE5DDAC}"
EndProject
Global
	GlobalSection(SolutionConfigurationPlatforms) = preSolution
		Debug|Any CPU = Debug|Any CPU
		Release|Any CPU = Release|Any CPU
	EndGlobalSection
	GlobalSection(ProjectConfigurationPlatforms) = postSolution
		{6D5D215F-817E-4128-A6F1-C877755114FD}.Debug|Any CPU.ActiveCfg = Debug|Any CPU
		{6D5D215F-817E-4128-A6F1-C877755114FD}.Debug|Any CPU.Build.0 = Debug|Any CPU
		{6D5D215F-817E-4128-A6F1-C877755114FD}.Release|Any CPU.ActiveCfg = Release|Any CPU
		{6D5D215F-817E-4128-A6F1-C877755114FD}.Release|Any CPU.Build.0 = Release|Any CPU
		{DE2998D7-14C7-4A80-9FAD-D2BAE4D25CD5}.Debug|Any CPU.ActiveCfg = Debug|Any CPU
		{DE2998D7-14C7-4A80-9FAD-D2BAE4D25CD5}.Debug|Any CPU.Build.0 = Debug|Any CPU
		{DE2998D7-14C7-4A80-9FAD-D2BAE4D25CD5}.Release|Any CPU.ActiveCfg = Release|Any CPU
		{DE2998D7-14C7-4A80-9FAD-D2BAE4D25CD5}.Release|Any CPU.Build.0 = Release|Any CPU
		{4442A908-043D-4E64-8C5B-229AAAE5DDAC}.Debug|Any CPU.ActiveCfg = Debug|Any CPU
		{4442A908-043D-4E64-8C5B-229AAAE5DDAC}.Debug|Any CPU.Build.0 = Debug|Any CPU
		{4442A908-043D-4E64-8C5B-229AAAE5DDAC}.Release|Any CPU.ActiveCfg = Release|Any CPU
		{4442A908-043D-4E64-8C5B-229AAAE5DDAC}.Release|Any CPU.Build.0 = Release|Any CPU
	EndGlobalSection
	GlobalSection(SolutionProperties) = preSolution
		HideSolutionNode = FALSE
	EndGlobalSection
	GlobalSection(ExtensibilityGlobals) = postSolution
		SolutionGuid = {3D2B1382-1753-482F-8A04-A4930B58A042}
	EndGlobalSection
EndGlobal
